PODS:
  - boost (1.76.0)
  - BVLinearGradient (2.6.2):
    - React-Core
  - CocoaAsyncSocket (7.6.5)
  - DoubleConversion (1.1.6)
  - FBLazyVector (0.68.4)
  - FBReactNativeSpec (0.68.4):
    - RCT-Folly (= 2021.06.28.00-v2)
    - RCTRequired (= 0.68.4)
    - RCTTypeSafety (= 0.68.4)
    - React-Core (= 0.68.4)
    - React-jsi (= 0.68.4)
    - ReactCommon/turbomodule/core (= 0.68.4)
  - Flipper (0.125.0):
    - Flipper-Folly (~> 2.6)
    - Flipper-RSocket (~> 1.4)
  - Flipper-Boost-iOSX (1.76.0.1.11)
  - Flipper-DoubleConversion (3.2.0)
  - Flipper-Fmt (7.1.7)
  - Flipper-Folly (2.6.10):
    - Flipper-Boost-iOSX
    - Flipper-DoubleConversion
    - Flipper-Fmt (= 7.1.7)
    - Flipper-Glog
    - libevent (~> 2.1.12)
    - OpenSSL-Universal (= 1.1.1100)
  - Flipper-Glog (0.5.0.4)
  - Flipper-PeerTalk (0.0.4)
  - Flipper-RSocket (1.4.3):
    - Flipper-Folly (~> 2.6)
  - FlipperKit (0.125.0):
    - FlipperKit/Core (= 0.125.0)
  - FlipperKit/Core (0.125.0):
    - Flipper (~> 0.125.0)
    - FlipperKit/CppBridge
    - FlipperKit/FBCxxFollyDynamicConvert
    - FlipperKit/FBDefines
    - FlipperKit/FKPortForwarding
    - SocketRocket (~> 0.6.0)
  - FlipperKit/CppBridge (0.125.0):
    - Flipper (~> 0.125.0)
  - FlipperKit/FBCxxFollyDynamicConvert (0.125.0):
    - Flipper-Folly (~> 2.6)
  - FlipperKit/FBDefines (0.125.0)
  - FlipperKit/FKPortForwarding (0.125.0):
    - CocoaAsyncSocket (~> 7.6)
    - Flipper-PeerTalk (~> 0.0.4)
  - FlipperKit/FlipperKitHighlightOverlay (0.125.0)
  - FlipperKit/FlipperKitLayoutHelpers (0.125.0):
    - FlipperKit/Core
    - FlipperKit/FlipperKitHighlightOverlay
    - FlipperKit/FlipperKitLayoutTextSearchable
  - FlipperKit/FlipperKitLayoutIOSDescriptors (0.125.0):
    - FlipperKit/Core
    - FlipperKit/FlipperKitHighlightOverlay
    - FlipperKit/FlipperKitLayoutHelpers
    - YogaKit (~> 1.18)
  - FlipperKit/FlipperKitLayoutPlugin (0.125.0):
    - FlipperKit/Core
    - FlipperKit/FlipperKitHighlightOverlay
    - FlipperKit/FlipperKitLayoutHelpers
    - FlipperKit/FlipperKitLayoutIOSDescriptors
    - FlipperKit/FlipperKitLayoutTextSearchable
    - YogaKit (~> 1.18)
  - FlipperKit/FlipperKitLayoutTextSearchable (0.125.0)
  - FlipperKit/FlipperKitNetworkPlugin (0.125.0):
    - FlipperKit/Core
  - FlipperKit/FlipperKitReactPlugin (0.125.0):
    - FlipperKit/Core
  - FlipperKit/FlipperKitUserDefaultsPlugin (0.125.0):
    - FlipperKit/Core
  - FlipperKit/SKIOSNetworkPlugin (0.125.0):
    - FlipperKit/Core
    - FlipperKit/FlipperKitNetworkPlugin
  - fmt (6.2.1)
  - glog (0.3.5)
  - libevent (2.1.12)
  - OpenSSL-Universal (1.1.1100)
  - Permission-Notifications (3.6.1):
    - RNPermissions
  - RCT-Folly (2021.06.28.00-v2):
    - boost
    - DoubleConversion
    - fmt (~> 6.2.1)
    - glog
    - RCT-Folly/Default (= 2021.06.28.00-v2)
  - RCT-Folly/Default (2021.06.28.00-v2):
    - boost
    - DoubleConversion
    - fmt (~> 6.2.1)
    - glog
  - RCTRequired (0.68.4)
  - RCTTypeSafety (0.68.4):
    - FBLazyVector (= 0.68.4)
    - RCT-Folly (= 2021.06.28.00-v2)
    - RCTRequired (= 0.68.4)
    - React-Core (= 0.68.4)
  - React (0.68.4):
    - React-Core (= 0.68.4)
    - React-Core/DevSupport (= 0.68.4)
    - React-Core/RCTWebSocket (= 0.68.4)
    - React-RCTActionSheet (= 0.68.4)
    - React-RCTAnimation (= 0.68.4)
    - React-RCTBlob (= 0.68.4)
    - React-RCTImage (= 0.68.4)
    - React-RCTLinking (= 0.68.4)
    - React-RCTNetwork (= 0.68.4)
    - React-RCTSettings (= 0.68.4)
    - React-RCTText (= 0.68.4)
    - React-RCTVibration (= 0.68.4)
  - React-callinvoker (0.68.4)
  - React-Codegen (0.68.4):
    - FBReactNativeSpec (= 0.68.4)
    - RCT-Folly (= 2021.06.28.00-v2)
    - RCTRequired (= 0.68.4)
    - RCTTypeSafety (= 0.68.4)
    - React-Core (= 0.68.4)
    - React-jsi (= 0.68.4)
    - React-jsiexecutor (= 0.68.4)
    - ReactCommon/turbomodule/core (= 0.68.4)
  - React-Core (0.68.4):
    - glog
    - RCT-Folly (= 2021.06.28.00-v2)
    - React-Core/Default (= 0.68.4)
    - React-cxxreact (= 0.68.4)
    - React-jsi (= 0.68.4)
    - React-jsiexecutor (= 0.68.4)
    - React-perflogger (= 0.68.4)
    - Yoga
  - React-Core/CoreModulesHeaders (0.68.4):
    - glog
    - RCT-Folly (= 2021.06.28.00-v2)
    - React-Core/Default
    - React-cxxreact (= 0.68.4)
    - React-jsi (= 0.68.4)
    - React-jsiexecutor (= 0.68.4)
    - React-perflogger (= 0.68.4)
    - Yoga
  - React-Core/Default (0.68.4):
    - glog
    - RCT-Folly (= 2021.06.28.00-v2)
    - React-cxxreact (= 0.68.4)
    - React-jsi (= 0.68.4)
    - React-jsiexecutor (= 0.68.4)
    - React-perflogger (= 0.68.4)
    - Yoga
  - React-Core/DevSupport (0.68.4):
    - glog
    - RCT-Folly (= 2021.06.28.00-v2)
    - React-Core/Default (= 0.68.4)
    - React-Core/RCTWebSocket (= 0.68.4)
    - React-cxxreact (= 0.68.4)
    - React-jsi (= 0.68.4)
    - React-jsiexecutor (= 0.68.4)
    - React-jsinspector (= 0.68.4)
    - React-perflogger (= 0.68.4)
    - Yoga
  - React-Core/RCTActionSheetHeaders (0.68.4):
    - glog
    - RCT-Folly (= 2021.06.28.00-v2)
    - React-Core/Default
    - React-cxxreact (= 0.68.4)
    - React-jsi (= 0.68.4)
    - React-jsiexecutor (= 0.68.4)
    - React-perflogger (= 0.68.4)
    - Yoga
  - React-Core/RCTAnimationHeaders (0.68.4):
    - glog
    - RCT-Folly (= 2021.06.28.00-v2)
    - React-Core/Default
    - React-cxxreact (= 0.68.4)
    - React-jsi (= 0.68.4)
    - React-jsiexecutor (= 0.68.4)
    - React-perflogger (= 0.68.4)
    - Yoga
  - React-Core/RCTBlobHeaders (0.68.4):
    - glog
    - RCT-Folly (= 2021.06.28.00-v2)
    - React-Core/Default
    - React-cxxreact (= 0.68.4)
    - React-jsi (= 0.68.4)
    - React-jsiexecutor (= 0.68.4)
    - React-perflogger (= 0.68.4)
    - Yoga
  - React-Core/RCTImageHeaders (0.68.4):
    - glog
    - RCT-Folly (= 2021.06.28.00-v2)
    - React-Core/Default
    - React-cxxreact (= 0.68.4)
    - React-jsi (= 0.68.4)
    - React-jsiexecutor (= 0.68.4)
    - React-perflogger (= 0.68.4)
    - Yoga
  - React-Core/RCTLinkingHeaders (0.68.4):
    - glog
    - RCT-Folly (= 2021.06.28.00-v2)
    - React-Core/Default
    - React-cxxreact (= 0.68.4)
    - React-jsi (= 0.68.4)
    - React-jsiexecutor (= 0.68.4)
    - React-perflogger (= 0.68.4)
    - Yoga
  - React-Core/RCTNetworkHeaders (0.68.4):
    - glog
    - RCT-Folly (= 2021.06.28.00-v2)
    - React-Core/Default
    - React-cxxreact (= 0.68.4)
    - React-jsi (= 0.68.4)
    - React-jsiexecutor (= 0.68.4)
    - React-perflogger (= 0.68.4)
    - Yoga
  - React-Core/RCTSettingsHeaders (0.68.4):
    - glog
    - RCT-Folly (= 2021.06.28.00-v2)
    - React-Core/Default
    - React-cxxreact (= 0.68.4)
    - React-jsi (= 0.68.4)
    - React-jsiexecutor (= 0.68.4)
    - React-perflogger (= 0.68.4)
    - Yoga
  - React-Core/RCTTextHeaders (0.68.4):
    - glog
    - RCT-Folly (= 2021.06.28.00-v2)
    - React-Core/Default
    - React-cxxreact (= 0.68.4)
    - React-jsi (= 0.68.4)
    - React-jsiexecutor (= 0.68.4)
    - React-perflogger (= 0.68.4)
    - Yoga
  - React-Core/RCTVibrationHeaders (0.68.4):
    - glog
    - RCT-Folly (= 2021.06.28.00-v2)
    - React-Core/Default
    - React-cxxreact (= 0.68.4)
    - React-jsi (= 0.68.4)
    - React-jsiexecutor (= 0.68.4)
    - React-perflogger (= 0.68.4)
    - Yoga
  - React-Core/RCTWebSocket (0.68.4):
    - glog
    - RCT-Folly (= 2021.06.28.00-v2)
    - React-Core/Default (= 0.68.4)
    - React-cxxreact (= 0.68.4)
    - React-jsi (= 0.68.4)
    - React-jsiexecutor (= 0.68.4)
    - React-perflogger (= 0.68.4)
    - Yoga
  - React-CoreModules (0.68.4):
    - RCT-Folly (= 2021.06.28.00-v2)
    - RCTTypeSafety (= 0.68.4)
    - React-Codegen (= 0.68.4)
    - React-Core/CoreModulesHeaders (= 0.68.4)
    - React-jsi (= 0.68.4)
    - React-RCTImage (= 0.68.4)
    - ReactCommon/turbomodule/core (= 0.68.4)
  - React-cxxreact (0.68.4):
    - boost (= 1.76.0)
    - DoubleConversion
    - glog
    - RCT-Folly (= 2021.06.28.00-v2)
    - React-callinvoker (= 0.68.4)
    - React-jsi (= 0.68.4)
    - React-jsinspector (= 0.68.4)
    - React-logger (= 0.68.4)
    - React-perflogger (= 0.68.4)
    - React-runtimeexecutor (= 0.68.4)
  - React-jsi (0.68.4):
    - boost (= 1.76.0)
    - DoubleConversion
    - glog
    - RCT-Folly (= 2021.06.28.00-v2)
    - React-jsi/Default (= 0.68.4)
  - React-jsi/Default (0.68.4):
    - boost (= 1.76.0)
    - DoubleConversion
    - glog
    - RCT-Folly (= 2021.06.28.00-v2)
  - React-jsiexecutor (0.68.4):
    - DoubleConversion
    - glog
    - RCT-Folly (= 2021.06.28.00-v2)
    - React-cxxreact (= 0.68.4)
    - React-jsi (= 0.68.4)
    - React-perflogger (= 0.68.4)
  - React-jsinspector (0.68.4)
  - React-logger (0.68.4):
    - glog
  - react-native-blob-util (0.15.0):
    - React-Core
  - react-native-camera (4.2.1):
    - React-Core
    - react-native-camera/RCT (= 4.2.1)
    - react-native-camera/RN (= 4.2.1)
  - react-native-camera/RCT (4.2.1):
    - React-Core
  - react-native-camera/RN (4.2.1):
    - React-Core
  - react-native-notifications (4.3.1):
    - React-Core
  - react-native-pager-view (5.4.25):
    - React-Core
  - react-native-pdf (6.6.2):
    - React-Core
  - react-native-safe-area-context (3.4.1):
    - React-Core
  - React-perflogger (0.68.4)
  - React-RCTActionSheet (0.68.4):
    - React-Core/RCTActionSheetHeaders (= 0.68.4)
  - React-RCTAnimation (0.68.4):
    - RCT-Folly (= 2021.06.28.00-v2)
    - RCTTypeSafety (= 0.68.4)
    - React-Codegen (= 0.68.4)
    - React-Core/RCTAnimationHeaders (= 0.68.4)
    - React-jsi (= 0.68.4)
    - ReactCommon/turbomodule/core (= 0.68.4)
  - React-RCTBlob (0.68.4):
    - RCT-Folly (= 2021.06.28.00-v2)
    - React-Codegen (= 0.68.4)
    - React-Core/RCTBlobHeaders (= 0.68.4)
    - React-Core/RCTWebSocket (= 0.68.4)
    - React-jsi (= 0.68.4)
    - React-RCTNetwork (= 0.68.4)
    - ReactCommon/turbomodule/core (= 0.68.4)
  - React-RCTImage (0.68.4):
    - RCT-Folly (= 2021.06.28.00-v2)
    - RCTTypeSafety (= 0.68.4)
    - React-Codegen (= 0.68.4)
    - React-Core/RCTImageHeaders (= 0.68.4)
    - React-jsi (= 0.68.4)
    - React-RCTNetwork (= 0.68.4)
    - ReactCommon/turbomodule/core (= 0.68.4)
  - React-RCTLinking (0.68.4):
    - React-Codegen (= 0.68.4)
    - React-Core/RCTLinkingHeaders (= 0.68.4)
    - React-jsi (= 0.68.4)
    - ReactCommon/turbomodule/core (= 0.68.4)
  - React-RCTNetwork (0.68.4):
    - RCT-Folly (= 2021.06.28.00-v2)
    - RCTTypeSafety (= 0.68.4)
    - React-Codegen (= 0.68.4)
    - React-Core/RCTNetworkHeaders (= 0.68.4)
    - React-jsi (= 0.68.4)
    - ReactCommon/turbomodule/core (= 0.68.4)
  - React-RCTSettings (0.68.4):
    - RCT-Folly (= 2021.06.28.00-v2)
    - RCTTypeSafety (= 0.68.4)
    - React-Codegen (= 0.68.4)
    - React-Core/RCTSettingsHeaders (= 0.68.4)
    - React-jsi (= 0.68.4)
    - ReactCommon/turbomodule/core (= 0.68.4)
  - React-RCTText (0.68.4):
    - React-Core/RCTTextHeaders (= 0.68.4)
  - React-RCTVibration (0.68.4):
    - RCT-Folly (= 2021.06.28.00-v2)
    - React-Codegen (= 0.68.4)
    - React-Core/RCTVibrationHeaders (= 0.68.4)
    - React-jsi (= 0.68.4)
    - ReactCommon/turbomodule/core (= 0.68.4)
  - React-runtimeexecutor (0.68.4):
    - React-jsi (= 0.68.4)
  - ReactCommon/turbomodule/core (0.68.4):
    - DoubleConversion
    - glog
    - RCT-Folly (= 2021.06.28.00-v2)
    - React-callinvoker (= 0.68.4)
    - React-Core (= 0.68.4)
    - React-cxxreact (= 0.68.4)
    - React-jsi (= 0.68.4)
    - React-logger (= 0.68.4)
    - React-perflogger (= 0.68.4)
  - RNCAsyncStorage (1.7.1):
    - React
  - RNDeviceInfo (8.7.1):
    - React-Core
  - RNGestureHandler (2.8.0):
    - React-Core
  - RNKeychain (8.0.0):
    - React-Core
  - RNPermissions (3.6.1):
    - React-Core
  - RNRate (1.2.9):
    - React-Core
  - RNReanimated (1.13.4):
    - React-Core
  - RNScreens (3.13.1):
    - React-Core
    - React-RCTImage
  - RNSha256 (1.4.8):
    - React-Core
  - RNSVG (12.4.4):
    - React-Core
  - SocketRocket (0.6.0)
  - Yoga (1.14.0)
  - YogaKit (1.18.1):
    - Yoga (~> 1.14)

DEPENDENCIES:
  - boost (from `../node_modules/react-native/third-party-podspecs/boost.podspec`)
  - BVLinearGradient (from `../node_modules/react-native-linear-gradient`)
  - DoubleConversion (from `../node_modules/react-native/third-party-podspecs/DoubleConversion.podspec`)
  - FBLazyVector (from `../node_modules/react-native/Libraries/FBLazyVector`)
  - FBReactNativeSpec (from `../node_modules/react-native/React/FBReactNativeSpec`)
  - Flipper (= 0.125.0)
  - Flipper-Boost-iOSX (= 1.76.0.1.11)
  - Flipper-DoubleConversion (= 3.2.0)
  - Flipper-Fmt (= 7.1.7)
  - Flipper-Folly (= 2.6.10)
  - Flipper-Glog (= 0.5.0.4)
  - Flipper-PeerTalk (= 0.0.4)
  - Flipper-RSocket (= 1.4.3)
  - FlipperKit (= 0.125.0)
  - FlipperKit/Core (= 0.125.0)
  - FlipperKit/CppBridge (= 0.125.0)
  - FlipperKit/FBCxxFollyDynamicConvert (= 0.125.0)
  - FlipperKit/FBDefines (= 0.125.0)
  - FlipperKit/FKPortForwarding (= 0.125.0)
  - FlipperKit/FlipperKitHighlightOverlay (= 0.125.0)
  - FlipperKit/FlipperKitLayoutPlugin (= 0.125.0)
  - FlipperKit/FlipperKitLayoutTextSearchable (= 0.125.0)
  - FlipperKit/FlipperKitNetworkPlugin (= 0.125.0)
  - FlipperKit/FlipperKitReactPlugin (= 0.125.0)
  - FlipperKit/FlipperKitUserDefaultsPlugin (= 0.125.0)
  - FlipperKit/SKIOSNetworkPlugin (= 0.125.0)
  - glog (from `../node_modules/react-native/third-party-podspecs/glog.podspec`)
  - OpenSSL-Universal (= 1.1.1100)
  - Permission-Notifications (from `../node_modules/react-native-permissions/ios/Notifications`)
  - RCT-Folly (from `../node_modules/react-native/third-party-podspecs/RCT-Folly.podspec`)
  - RCTRequired (from `../node_modules/react-native/Libraries/RCTRequired`)
  - RCTTypeSafety (from `../node_modules/react-native/Libraries/TypeSafety`)
  - React (from `../node_modules/react-native/`)
  - React-callinvoker (from `../node_modules/react-native/ReactCommon/callinvoker`)
  - React-Codegen (from `build/generated/ios`)
  - React-Core (from `../node_modules/react-native/`)
  - React-Core/DevSupport (from `../node_modules/react-native/`)
  - React-Core/RCTWebSocket (from `../node_modules/react-native/`)
  - React-CoreModules (from `../node_modules/react-native/React/CoreModules`)
  - React-cxxreact (from `../node_modules/react-native/ReactCommon/cxxreact`)
  - React-jsi (from `../node_modules/react-native/ReactCommon/jsi`)
  - React-jsiexecutor (from `../node_modules/react-native/ReactCommon/jsiexecutor`)
  - React-jsinspector (from `../node_modules/react-native/ReactCommon/jsinspector`)
  - React-logger (from `../node_modules/react-native/ReactCommon/logger`)
  - react-native-blob-util (from `../node_modules/react-native-blob-util`)
  - react-native-camera (from `../node_modules/react-native-camera`)
  - react-native-notifications (from `../node_modules/react-native-notifications`)
  - react-native-pager-view (from `../node_modules/react-native-pager-view`)
  - react-native-pdf (from `../node_modules/react-native-pdf`)
  - react-native-safe-area-context (from `../node_modules/react-native-safe-area-context`)
  - React-perflogger (from `../node_modules/react-native/ReactCommon/reactperflogger`)
  - React-RCTActionSheet (from `../node_modules/react-native/Libraries/ActionSheetIOS`)
  - React-RCTAnimation (from `../node_modules/react-native/Libraries/NativeAnimation`)
  - React-RCTBlob (from `../node_modules/react-native/Libraries/Blob`)
  - React-RCTImage (from `../node_modules/react-native/Libraries/Image`)
  - React-RCTLinking (from `../node_modules/react-native/Libraries/LinkingIOS`)
  - React-RCTNetwork (from `../node_modules/react-native/Libraries/Network`)
  - React-RCTSettings (from `../node_modules/react-native/Libraries/Settings`)
  - React-RCTText (from `../node_modules/react-native/Libraries/Text`)
  - React-RCTVibration (from `../node_modules/react-native/Libraries/Vibration`)
  - React-runtimeexecutor (from `../node_modules/react-native/ReactCommon/runtimeexecutor`)
  - ReactCommon/turbomodule/core (from `../node_modules/react-native/ReactCommon`)
  - "RNCAsyncStorage (from `../node_modules/@react-native-community/async-storage`)"
  - RNDeviceInfo (from `../node_modules/react-native-device-info`)
  - RNGestureHandler (from `../node_modules/react-native-gesture-handler`)
  - RNKeychain (from `../node_modules/react-native-keychain`)
  - RNPermissions (from `../node_modules/react-native-permissions`)
  - RNRate (from `../node_modules/react-native-rate`)
  - RNReanimated (from `../node_modules/react-native-reanimated`)
  - RNScreens (from `../node_modules/react-native-screens`)
  - RNSha256 (from `../node_modules/react-native-sha256`)
  - RNSVG (from `../node_modules/react-native-svg`)
  - Yoga (from `../node_modules/react-native/ReactCommon/yoga`)

SPEC REPOS:
  trunk:
    - CocoaAsyncSocket
    - Flipper
    - Flipper-Boost-iOSX
    - Flipper-DoubleConversion
    - Flipper-Fmt
    - Flipper-Folly
    - Flipper-Glog
    - Flipper-PeerTalk
    - Flipper-RSocket
    - FlipperKit
    - fmt
    - libevent
    - OpenSSL-Universal
    - SocketRocket
    - YogaKit

EXTERNAL SOURCES:
  boost:
    :podspec: "../node_modules/react-native/third-party-podspecs/boost.podspec"
  BVLinearGradient:
    :path: "../node_modules/react-native-linear-gradient"
  DoubleConversion:
    :podspec: "../node_modules/react-native/third-party-podspecs/DoubleConversion.podspec"
  FBLazyVector:
    :path: "../node_modules/react-native/Libraries/FBLazyVector"
  FBReactNativeSpec:
    :path: "../node_modules/react-native/React/FBReactNativeSpec"
  glog:
    :podspec: "../node_modules/react-native/third-party-podspecs/glog.podspec"
  Permission-Notifications:
    :path: "../node_modules/react-native-permissions/ios/Notifications"
  RCT-Folly:
    :podspec: "../node_modules/react-native/third-party-podspecs/RCT-Folly.podspec"
  RCTRequired:
    :path: "../node_modules/react-native/Libraries/RCTRequired"
  RCTTypeSafety:
    :path: "../node_modules/react-native/Libraries/TypeSafety"
  React:
    :path: "../node_modules/react-native/"
  React-callinvoker:
    :path: "../node_modules/react-native/ReactCommon/callinvoker"
  React-Codegen:
    :path: build/generated/ios
  React-Core:
    :path: "../node_modules/react-native/"
  React-CoreModules:
    :path: "../node_modules/react-native/React/CoreModules"
  React-cxxreact:
    :path: "../node_modules/react-native/ReactCommon/cxxreact"
  React-jsi:
    :path: "../node_modules/react-native/ReactCommon/jsi"
  React-jsiexecutor:
    :path: "../node_modules/react-native/ReactCommon/jsiexecutor"
  React-jsinspector:
    :path: "../node_modules/react-native/ReactCommon/jsinspector"
  React-logger:
    :path: "../node_modules/react-native/ReactCommon/logger"
  react-native-blob-util:
    :path: "../node_modules/react-native-blob-util"
  react-native-camera:
    :path: "../node_modules/react-native-camera"
  react-native-notifications:
    :path: "../node_modules/react-native-notifications"
  react-native-pager-view:
    :path: "../node_modules/react-native-pager-view"
  react-native-pdf:
    :path: "../node_modules/react-native-pdf"
  react-native-safe-area-context:
    :path: "../node_modules/react-native-safe-area-context"
  React-perflogger:
    :path: "../node_modules/react-native/ReactCommon/reactperflogger"
  React-RCTActionSheet:
    :path: "../node_modules/react-native/Libraries/ActionSheetIOS"
  React-RCTAnimation:
    :path: "../node_modules/react-native/Libraries/NativeAnimation"
  React-RCTBlob:
    :path: "../node_modules/react-native/Libraries/Blob"
  React-RCTImage:
    :path: "../node_modules/react-native/Libraries/Image"
  React-RCTLinking:
    :path: "../node_modules/react-native/Libraries/LinkingIOS"
  React-RCTNetwork:
    :path: "../node_modules/react-native/Libraries/Network"
  React-RCTSettings:
    :path: "../node_modules/react-native/Libraries/Settings"
  React-RCTText:
    :path: "../node_modules/react-native/Libraries/Text"
  React-RCTVibration:
    :path: "../node_modules/react-native/Libraries/Vibration"
  React-runtimeexecutor:
    :path: "../node_modules/react-native/ReactCommon/runtimeexecutor"
  ReactCommon:
    :path: "../node_modules/react-native/ReactCommon"
  RNCAsyncStorage:
    :path: "../node_modules/@react-native-community/async-storage"
  RNDeviceInfo:
    :path: "../node_modules/react-native-device-info"
  RNGestureHandler:
    :path: "../node_modules/react-native-gesture-handler"
  RNKeychain:
    :path: "../node_modules/react-native-keychain"
  RNPermissions:
    :path: "../node_modules/react-native-permissions"
  RNRate:
    :path: "../node_modules/react-native-rate"
  RNReanimated:
    :path: "../node_modules/react-native-reanimated"
  RNScreens:
    :path: "../node_modules/react-native-screens"
  RNSha256:
    :path: "../node_modules/react-native-sha256"
  RNSVG:
    :path: "../node_modules/react-native-svg"
  Yoga:
    :path: "../node_modules/react-native/ReactCommon/yoga"

SPEC CHECKSUMS:
  boost: a7c83b31436843459a1961bfd74b96033dc77234
  BVLinearGradient: 34a999fda29036898a09c6a6b728b0b4189e1a44
  CocoaAsyncSocket: 065fd1e645c7abab64f7a6a2007a48038fdc6a99
  DoubleConversion: 831926d9b8bf8166fd87886c4abab286c2422662
  FBLazyVector: 023a2028f218d648b588348bfa9261b4914b93db
  FBReactNativeSpec: 9f4902cc009389d3704ff75de2aa513dee34d5c2
  Flipper: 26fc4b7382499f1281eb8cb921e5c3ad6de91fe0
  Flipper-Boost-iOSX: fd1e2b8cbef7e662a122412d7ac5f5bea715403c
  Flipper-DoubleConversion: 3d3d04a078d4f3a1b6c6916587f159dc11f232c4
  Flipper-Fmt: 60cbdd92fc254826e61d669a5d87ef7015396a9b
  Flipper-Folly: 584845625005ff068a6ebf41f857f468decd26b3
  Flipper-Glog: 87bc98ff48de90cb5b0b5114ed3da79d85ee2dd4
  Flipper-PeerTalk: 116d8f857dc6ef55c7a5a75ea3ceaafe878aadc9
  Flipper-RSocket: d9d9ade67cbecf6ac10730304bf5607266dd2541
  FlipperKit: cbdee19bdd4e7f05472a66ce290f1b729ba3cb86
  fmt: ff9d55029c625d3757ed641535fd4a75fedc7ce9
  glog: 85ecdd10ee8d8ec362ef519a6a45ff9aa27b2e85
  libevent: 4049cae6c81cdb3654a443be001fb9bdceff7913
  OpenSSL-Universal: ebc357f1e6bc71fa463ccb2fe676756aff50e88c
  Permission-Notifications: 150484ae586eb9be4e32217582a78350a9bb31c3
  RCT-Folly: 803a9cfd78114b2ec0f140cfa6fa2a6bafb2d685
  RCTRequired: e6003505912d056f21f64465063cf4b79418f2b9
  RCTTypeSafety: d7ef4745c8d9c9faa65c26b4b6230fc5cd4c4424
  React: 6692c30fb74ab29078b25c31c9841d863e08cdd9
  React-callinvoker: fe2b234fa518d8bb7600707c536ab0a3e1f5edba
  React-Codegen: 9964bb2422c7014894182ac50068caae05f68551
  React-Core: a07bcd2f15ff93cddc9ceb07eddeec3d2ff8d990
  React-CoreModules: 7fb4ee0fc35ad2b7daf775f0ef6309efdd8d3d82
  React-cxxreact: 51a8058a35a2f02ad4175334a7cd24aa5558ced4
  React-jsi: 69b974b418d2658a3f1799903be7cbcb8ac59755
  React-jsiexecutor: 4f35a29798ba9d0d892a84001d11f626688dbb8e
  React-jsinspector: 6f75220cd4b6020976d340ab21c63458dd3cad9e
  React-logger: 7013d2499df6346e6a72802d4084badaaa82543b
  react-native-blob-util: a5d3561045ed98cfb2fb80cbbff600fae0e8edee
  react-native-camera: 3eae183c1d111103963f3dd913b65d01aef8110f
  react-native-notifications: 33ec77006f7987bb22de8f1665889abc633b9196
  react-native-pager-view: da490aa1f902c9a5aeecf0909cc975ad0e92e53e
  react-native-pdf: 33c622cbdf776a649929e8b9d1ce2d313347c4fa
  react-native-safe-area-context: 9e40fb181dac02619414ba1294d6c2a807056ab9
  React-perflogger: 0b0500685176e53ea582c45179a653aa82e4ae49
  React-RCTActionSheet: 38469be9d20242f9c717e43c2983e8e3e6c640c4
  React-RCTAnimation: 93774f3e8857e7c3c1cbbd277056d02be4496be1
  React-RCTBlob: 6d0567d7a6561b62feb8c3b1cc33b3c591ba85ab
  React-RCTImage: 1006a91318a6181a0256b89d2e321b6ea0e2e6e3
  React-RCTLinking: 0b2300493c879c3bcac2d4c6b0178e8d0e5e2202
  React-RCTNetwork: b9a33a95703651abed92490e50396d54b7270a17
  React-RCTSettings: e6464123e5b5062fc23bb5adb51188a6061e9601
  React-RCTText: 188d6f0ae20cd28891f59ecad41028ee2f793757
  React-RCTVibration: a67beb7d2f3c73e9b74c4124ef61b84c601be649
  React-runtimeexecutor: 088723cf020113e64736a709f52719dbb359c73e
  ReactCommon: 1a4f19f3b4366feec03a98bdbb200b6085c5000f
  RNCAsyncStorage: 44395cb9c7c1523104c2b499eb426ef7aff82bca
  RNDeviceInfo: aad3c663b25752a52bf8fce93f2354001dd185aa
  RNGestureHandler: 62232ba8f562f7dea5ba1b3383494eb5bf97a4d3
  RNKeychain: 4f63aada75ebafd26f4bc2c670199461eab85d94
  RNPermissions: dcdb7b99796bbeda6975a6e79ad519c41b251b1c
  RNRate: 94f57c773e155ca0d0aeeba9c10a32bce9030daf
  RNReanimated: c1b56d030d1616239861534d9adb531f8cffab68
  RNScreens: 40a2cb40a02a609938137a1e0acfbf8fc9eebf19
  RNSha256: 80bea5b2e7005f813f6438cb41e573b3d531146c
  RNSVG: ecd661f380a07ba690c9c5929c475a44f432d674
  SocketRocket: fccef3f9c5cedea1353a9ef6ada904fde10d6608
  Yoga: c926c8eec5c78a788b51e6c8a604825d00d694d7
  YogaKit: f782866e155069a2cca2517aafea43200b01fd5a

PODFILE CHECKSUM: 8fb0e9fe93d2867a305a1ecf6e6e484fd261345e

COCOAPODS: 1.11.3
